
Microsoft Visual Studio Solution File, Format Version 12.00
# Visual Studio Version 17
VisualStudioVersion = 17.5.33627.172
MinimumVisualStudioVersion = 10.0.40219.1
Project("{FAE04EC0-301F-11D3-BF4B-00C04F79EFBC}") = "SymmetricalEncryptDecrypt", "SymmetricalEncryptDecrypt.csproj", "{D9AED8A7-340F-4577-9581-6B99902A8FAA}"
EndProject
Global
	GlobalSection(SolutionConfigurationPlatforms) = preSolution
		Debug|Any CPU = Debug|Any CPU
		Release|Any CPU = Release|Any CPU
	EndGlobalSection
	GlobalSection(ProjectConfigurationPlatforms) = postSolution
		{D9AED8A7-340F-4577-9581-6B99902A8FAA}.Debug|Any CPU.ActiveCfg = Debug|Any CPU
		{D9AED8A7-340F-4577-9581-6B99902A8FAA}.Debug|Any CPU.Build.0 = Debug|Any CPU
		{D9AED8A7-340F-4577-9581-6B99902A8FAA}.Release|Any CPU.ActiveCfg = Release|Any CPU
		{D9AED8A7-340F-4577-9581-6B99902A8FAA}.Release|Any CPU.Build.0 = Release|Any CPU
	EndGlobalSection
	GlobalSection(SolutionProperties) = preSolution
		HideSolutionNode = FALSE
	EndGlobalSection
	GlobalSection(ExtensibilityGlobals) = postSolution
		SolutionGuid = {57955984-4124-4A0D-9F91-11F4282E2E0D}
	EndGlobalSection
EndGlobal
